
Microsoft Visual Studio Solution File, Format Version 12.00
# Visual Studio Version 17
VisualStudioVersion = 17.4.33103.184
MinimumVisualStudioVersion = 10.0.40219.1
Project("{9A19103F-16F7-4668-BE54-9A1E7A4F7556}") = "Gomoku.API", "Gomoku.API\Gomoku.API.csproj", "{46491171-AA00-4782-8260-AC8EEDB1AC67}"
EndProject
Project("{9A19103F-16F7-4668-BE54-9A1E7A4F7556}") = "Gomoku.Domain", "Gomoku.Domain\Gomoku.Domain.csproj", "{9E4903AE-2EF5-4364-B042-324DB534431A}"
EndProject
Project("{9A19103F-16F7-4668-BE54-9A1E7A4F7556}") = "Gomoku.Infrastructure", "Gomoku.Infrastructure\Gomoku.Infrastructure.csproj", "{B8B0B07F-1C6F-4494-B6EF-E304E418FBF0}"
EndProject
Project("{2150E333-8FDC-42A3-9474-1A3956D46DE8}") = "src", "src", "{32F9027D-0768-413B-8463-DFEAEEAD41CB}"
EndProject
Global
	GlobalSection(SolutionConfigurationPlatforms) = preSolution
		Debug|Any CPU = Debug|Any CPU
		Release|Any CPU = Release|Any CPU
	EndGlobalSection
	GlobalSection(ProjectConfigurationPlatforms) = postSolution
		{46491171-AA00-4782-8260-AC8EEDB1AC67}.Debug|Any CPU.ActiveCfg = Debug|Any CPU
		{46491171-AA00-4782-8260-AC8EEDB1AC67}.Debug|Any CPU.Build.0 = Debug|Any CPU
		{46491171-AA00-4782-8260-AC8EEDB1AC67}.Release|Any CPU.ActiveCfg = Release|Any CPU
		{46491171-AA00-4782-8260-AC8EEDB1AC67}.Release|Any CPU.Build.0 = Release|Any CPU
		{9E4903AE-2EF5-4364-B042-324DB534431A}.Debug|Any CPU.ActiveCfg = Debug|Any CPU
		{9E4903AE-2EF5-4364-B042-324DB534431A}.Debug|Any CPU.Build.0 = Debug|Any CPU
		{9E4903AE-2EF5-4364-B042-324DB534431A}.Release|Any CPU.ActiveCfg = Release|Any CPU
		{9E4903AE-2EF5-4364-B042-324DB534431A}.Release|Any CPU.Build.0 = Release|Any CPU
		{B8B0B07F-1C6F-4494-B6EF-E304E418FBF0}.Debug|Any CPU.ActiveCfg = Debug|Any CPU
		{B8B0B07F-1C6F-4494-B6EF-E304E418FBF0}.Debug|Any CPU.Build.0 = Debug|Any CPU
		{B8B0B07F-1C6F-4494-B6EF-E304E418FBF0}.Release|Any CPU.ActiveCfg = Release|Any CPU
		{B8B0B07F-1C6F-4494-B6EF-E304E418FBF0}.Release|Any CPU.Build.0 = Release|Any CPU
	EndGlobalSection
	GlobalSection(SolutionProperties) = preSolution
		HideSolutionNode = FALSE
	EndGlobalSection
	GlobalSection(NestedProjects) = preSolution
		{46491171-AA00-4782-8260-AC8EEDB1AC67} = {32F9027D-0768-413B-8463-DFEAEEAD41CB}
		{9E4903AE-2EF5-4364-B042-324DB534431A} = {32F9027D-0768-413B-8463-DFEAEEAD41CB}
		{B8B0B07F-1C6F-4494-B6EF-E304E418FBF0} = {32F9027D-0768-413B-8463-DFEAEEAD41CB}
	EndGlobalSection
	GlobalSection(ExtensibilityGlobals) = postSolution
		SolutionGuid = {A9E1BEFB-87FE-4FA0-B8AC-C8A6FAF49C1F}
	EndGlobalSection
EndGlobal
